
Microsoft Visual Studio Solution File, Format Version 12.00
# Visual Studio Version 17
VisualStudioVersion = 17.0.32126.317
MinimumVisualStudioVersion = 10.0.40219.1
Project("{FAE04EC0-301F-11D3-BF4B-00C04F79EFBC}") = "Calc", "Calc\Calc.csproj", "{64FE768D-B857-4B2E-BD4A-9A89EA29C300}"
EndProject
Global
	GlobalSection(SolutionConfigurationPlatforms) = preSolution
		Debug|Any CPU = Debug|Any CPU
		Release|Any CPU = Release|Any CPU
	EndGlobalSection
	GlobalSection(ProjectConfigurationPlatforms) = postSolution
		{64FE768D-B857-4B2E-BD4A-9A89EA29C300}.Debug|Any CPU.ActiveCfg = Debug|Any CPU
		{64FE768D-B857-4B2E-BD4A-9A89EA29C300}.Debug|Any CPU.Build.0 = Debug|Any CPU
		{64FE768D-B857-4B2E-BD4A-9A89EA29C300}.Release|Any CPU.ActiveCfg = Release|Any CPU
		{64FE768D-B857-4B2E-BD4A-9A89EA29C300}.Release|Any CPU.Build.0 = Release|Any CPU
	EndGlobalSection
	GlobalSection(SolutionProperties) = preSolution
		HideSolutionNode = FALSE
	EndGlobalSection
	GlobalSection(ExtensibilityGlobals) = postSolution
		SolutionGuid = {F67FD79A-653F-448D-9FC3-DFD219CC0A27}
	EndGlobalSection
EndGlobal
